
Microsoft Visual Studio Solution File, Format Version 12.00
# Visual Studio Version 17
VisualStudioVersion = 17.6.33815.320
MinimumVisualStudioVersion = 10.0.40219.1
Project("{9A19103F-16F7-4668-BE54-9A1E7A4F7556}") = "INZ_API_POSTGRES", "INZ_API_POSTGRES\INZ_API_POSTGRES.csproj", "{9E537AA1-5D29-4C45-9A02-00603BFB3598}"
EndProject
Global
	GlobalSection(SolutionConfigurationPlatforms) = preSolution
		Debug|Any CPU = Debug|Any CPU
		Release|Any CPU = Release|Any CPU
	EndGlobalSection
	GlobalSection(ProjectConfigurationPlatforms) = postSolution
		{9E537AA1-5D29-4C45-9A02-00603BFB3598}.Debug|Any CPU.ActiveCfg = Debug|Any CPU
		{9E537AA1-5D29-4C45-9A02-00603BFB3598}.Debug|Any CPU.Build.0 = Debug|Any CPU
		{9E537AA1-5D29-4C45-9A02-00603BFB3598}.Release|Any CPU.ActiveCfg = Release|Any CPU
		{9E537AA1-5D29-4C45-9A02-00603BFB3598}.Release|Any CPU.Build.0 = Release|Any CPU
	EndGlobalSection
	GlobalSection(SolutionProperties) = preSolution
		HideSolutionNode = FALSE
	EndGlobalSection
	GlobalSection(ExtensibilityGlobals) = postSolution
		SolutionGuid = {F231B6AB-E75F-4B78-9DFB-A38A20AB78A4}
	EndGlobalSection
EndGlobal
